
Microsoft Visual Studio Solution File, Format Version 11.00
# Visual Studio 2010
Project("{FAE04EC0-301F-11D3-BF4B-00C04F79EFBC}") = "CommEngine", "src\CommEngine.csproj", "{115827E8-1EB7-473C-A9FF-2E129CC262B8}"
EndProject
Project("{FAE04EC0-301F-11D3-BF4B-00C04F79EFBC}") = "CommEngineLib", "src\CommEngineLib.csproj", "{67D0E311-25D1-4418-B15A-7C25CBB9734E}"
EndProject
Project("{FAE04EC0-301F-11D3-BF4B-00C04F79EFBC}") = "Weavver.Data", "vendors\weavver\data\src\Weavver.Data.csproj", "{4D558303-3DB5-4004-91BA-9DB658199B7B}"
EndProject
Project("{FAE04EC0-301F-11D3-BF4B-00C04F79EFBC}") = "Weavver.Vendors", "vendors\weavver\vendors\src\Weavver.Vendors.csproj", "{01490A61-F803-41A3-89D4-D6CAC7A97DA6}"
EndProject
Project("{FAE04EC0-301F-11D3-BF4B-00C04F79EFBC}") = "Weavver.Net", "vendors\weavver\net\src\Weavver.Net.csproj", "{0D3C5390-5651-4B71-B165-E5C72A55281C}"
EndProject
Global
	GlobalSection(SolutionConfigurationPlatforms) = preSolution
		Database|Any CPU = Database|Any CPU
		Database|Mixed Platforms = Database|Mixed Platforms
		Database|x86 = Database|x86
		Debug|Any CPU = Debug|Any CPU
		Debug|Mixed Platforms = Debug|Mixed Platforms
		Debug|x86 = Debug|x86
		Release|Any CPU = Release|Any CPU
		Release|Mixed Platforms = Release|Mixed Platforms
		Release|x86 = Release|x86
		Testing|Any CPU = Testing|Any CPU
		Testing|Mixed Platforms = Testing|Mixed Platforms
		Testing|x86 = Testing|x86
		Website|Any CPU = Website|Any CPU
		Website|Mixed Platforms = Website|Mixed Platforms
		Website|x86 = Website|x86
	EndGlobalSection
	GlobalSection(ProjectConfigurationPlatforms) = postSolution
		{115827E8-1EB7-473C-A9FF-2E129CC262B8}.Database|Any CPU.ActiveCfg = Debug|x86
		{115827E8-1EB7-473C-A9FF-2E129CC262B8}.Database|Mixed Platforms.ActiveCfg = Debug|x86
		{115827E8-1EB7-473C-A9FF-2E129CC262B8}.Database|Mixed Platforms.Build.0 = Debug|x86
		{115827E8-1EB7-473C-A9FF-2E129CC262B8}.Database|x86.ActiveCfg = Debug|x86
		{115827E8-1EB7-473C-A9FF-2E129CC262B8}.Database|x86.Build.0 = Debug|x86
		{115827E8-1EB7-473C-A9FF-2E129CC262B8}.Debug|Any CPU.ActiveCfg = Debug|x86
		{115827E8-1EB7-473C-A9FF-2E129CC262B8}.Debug|Mixed Platforms.ActiveCfg = Debug|x86
		{115827E8-1EB7-473C-A9FF-2E129CC262B8}.Debug|Mixed Platforms.Build.0 = Debug|x86
		{115827E8-1EB7-473C-A9FF-2E129CC262B8}.Debug|x86.ActiveCfg = Debug|x86
		{115827E8-1EB7-473C-A9FF-2E129CC262B8}.Debug|x86.Build.0 = Debug|x86
		{115827E8-1EB7-473C-A9FF-2E129CC262B8}.Release|Any CPU.ActiveCfg = Release|x86
		{115827E8-1EB7-473C-A9FF-2E129CC262B8}.Release|Mixed Platforms.ActiveCfg = Release|x86
		{115827E8-1EB7-473C-A9FF-2E129CC262B8}.Release|Mixed Platforms.Build.0 = Release|x86
		{115827E8-1EB7-473C-A9FF-2E129CC262B8}.Release|x86.ActiveCfg = Release|x86
		{115827E8-1EB7-473C-A9FF-2E129CC262B8}.Release|x86.Build.0 = Release|x86
		{115827E8-1EB7-473C-A9FF-2E129CC262B8}.Testing|Any CPU.ActiveCfg = Release|x86
		{115827E8-1EB7-473C-A9FF-2E129CC262B8}.Testing|Mixed Platforms.ActiveCfg = Release|x86
		{115827E8-1EB7-473C-A9FF-2E129CC262B8}.Testing|Mixed Platforms.Build.0 = Release|x86
		{115827E8-1EB7-473C-A9FF-2E129CC262B8}.Testing|x86.ActiveCfg = Release|x86
		{115827E8-1EB7-473C-A9FF-2E129CC262B8}.Testing|x86.Build.0 = Release|x86
		{115827E8-1EB7-473C-A9FF-2E129CC262B8}.Website|Any CPU.ActiveCfg = Release|x86
		{115827E8-1EB7-473C-A9FF-2E129CC262B8}.Website|Mixed Platforms.ActiveCfg = Release|x86
		{115827E8-1EB7-473C-A9FF-2E129CC262B8}.Website|Mixed Platforms.Build.0 = Release|x86
		{115827E8-1EB7-473C-A9FF-2E129CC262B8}.Website|x86.ActiveCfg = Release|x86
		{115827E8-1EB7-473C-A9FF-2E129CC262B8}.Website|x86.Build.0 = Release|x86
		{67D0E311-25D1-4418-B15A-7C25CBB9734E}.Database|Any CPU.ActiveCfg = Debug|x86
		{67D0E311-25D1-4418-B15A-7C25CBB9734E}.Database|Mixed Platforms.ActiveCfg = Debug|x86
		{67D0E311-25D1-4418-B15A-7C25CBB9734E}.Database|Mixed Platforms.Build.0 = Debug|x86
		{67D0E311-25D1-4418-B15A-7C25CBB9734E}.Database|x86.ActiveCfg = Debug|x86
		{67D0E311-25D1-4418-B15A-7C25CBB9734E}.Database|x86.Build.0 = Debug|x86
		{67D0E311-25D1-4418-B15A-7C25CBB9734E}.Debug|Any CPU.ActiveCfg = Debug|x86
		{67D0E311-25D1-4418-B15A-7C25CBB9734E}.Debug|Mixed Platforms.ActiveCfg = Debug|x86
		{67D0E311-25D1-4418-B15A-7C25CBB9734E}.Debug|Mixed Platforms.Build.0 = Debug|x86
		{67D0E311-25D1-4418-B15A-7C25CBB9734E}.Debug|x86.ActiveCfg = Debug|x86
		{67D0E311-25D1-4418-B15A-7C25CBB9734E}.Debug|x86.Build.0 = Debug|x86
		{67D0E311-25D1-4418-B15A-7C25CBB9734E}.Release|Any CPU.ActiveCfg = Release|x86
		{67D0E311-25D1-4418-B15A-7C25CBB9734E}.Release|Mixed Platforms.ActiveCfg = Release|x86
		{67D0E311-25D1-4418-B15A-7C25CBB9734E}.Release|Mixed Platforms.Build.0 = Release|x86
		{67D0E311-25D1-4418-B15A-7C25CBB9734E}.Release|x86.ActiveCfg = Release|x86
		{67D0E311-25D1-4418-B15A-7C25CBB9734E}.Release|x86.Build.0 = Release|x86
		{67D0E311-25D1-4418-B15A-7C25CBB9734E}.Testing|Any CPU.ActiveCfg = Release|x86
		{67D0E311-25D1-4418-B15A-7C25CBB9734E}.Testing|Mixed Platforms.ActiveCfg = Release|x86
		{67D0E311-25D1-4418-B15A-7C25CBB9734E}.Testing|Mixed Platforms.Build.0 = Release|x86
		{67D0E311-25D1-4418-B15A-7C25CBB9734E}.Testing|x86.ActiveCfg = Release|x86
		{67D0E311-25D1-4418-B15A-7C25CBB9734E}.Testing|x86.Build.0 = Release|x86
		{67D0E311-25D1-4418-B15A-7C25CBB9734E}.Website|Any CPU.ActiveCfg = Release|x86
		{67D0E311-25D1-4418-B15A-7C25CBB9734E}.Website|Mixed Platforms.ActiveCfg = Release|x86
		{67D0E311-25D1-4418-B15A-7C25CBB9734E}.Website|Mixed Platforms.Build.0 = Release|x86
		{67D0E311-25D1-4418-B15A-7C25CBB9734E}.Website|x86.ActiveCfg = Release|x86
		{67D0E311-25D1-4418-B15A-7C25CBB9734E}.Website|x86.Build.0 = Release|x86
		{4D558303-3DB5-4004-91BA-9DB658199B7B}.Database|Any CPU.ActiveCfg = Database|Any CPU
		{4D558303-3DB5-4004-91BA-9DB658199B7B}.Database|Any CPU.Build.0 = Database|Any CPU
		{4D558303-3DB5-4004-91BA-9DB658199B7B}.Database|Mixed Platforms.ActiveCfg = Database|Any CPU
		{4D558303-3DB5-4004-91BA-9DB658199B7B}.Database|Mixed Platforms.Build.0 = Database|Any CPU
		{4D558303-3DB5-4004-91BA-9DB658199B7B}.Database|x86.ActiveCfg = Database|Any CPU
		{4D558303-3DB5-4004-91BA-9DB658199B7B}.Debug|Any CPU.ActiveCfg = Debug|Any CPU
		{4D558303-3DB5-4004-91BA-9DB658199B7B}.Debug|Any CPU.Build.0 = Debug|Any CPU
		{4D558303-3DB5-4004-91BA-9DB658199B7B}.Debug|Mixed Platforms.ActiveCfg = Debug|Any CPU
		{4D558303-3DB5-4004-91BA-9DB658199B7B}.Debug|Mixed Platforms.Build.0 = Debug|Any CPU
		{4D558303-3DB5-4004-91BA-9DB658199B7B}.Debug|x86.ActiveCfg = Debug|Any CPU
		{4D558303-3DB5-4004-91BA-9DB658199B7B}.Release|Any CPU.ActiveCfg = Release|Any CPU
		{4D558303-3DB5-4004-91BA-9DB658199B7B}.Release|Any CPU.Build.0 = Release|Any CPU
		{4D558303-3DB5-4004-91BA-9DB658199B7B}.Release|Mixed Platforms.ActiveCfg = Release|Any CPU
		{4D558303-3DB5-4004-91BA-9DB658199B7B}.Release|Mixed Platforms.Build.0 = Release|Any CPU
		{4D558303-3DB5-4004-91BA-9DB658199B7B}.Release|x86.ActiveCfg = Release|Any CPU
		{4D558303-3DB5-4004-91BA-9DB658199B7B}.Testing|Any CPU.ActiveCfg = Testing|Any CPU
		{4D558303-3DB5-4004-91BA-9DB658199B7B}.Testing|Any CPU.Build.0 = Testing|Any CPU
		{4D558303-3DB5-4004-91BA-9DB658199B7B}.Testing|Mixed Platforms.ActiveCfg = Testing|Any CPU
		{4D558303-3DB5-4004-91BA-9DB658199B7B}.Testing|Mixed Platforms.Build.0 = Testing|Any CPU
		{4D558303-3DB5-4004-91BA-9DB658199B7B}.Testing|x86.ActiveCfg = Testing|Any CPU
		{4D558303-3DB5-4004-91BA-9DB658199B7B}.Website|Any CPU.ActiveCfg = Website|Any CPU
		{4D558303-3DB5-4004-91BA-9DB658199B7B}.Website|Any CPU.Build.0 = Website|Any CPU
		{4D558303-3DB5-4004-91BA-9DB658199B7B}.Website|Mixed Platforms.ActiveCfg = Website|Any CPU
		{4D558303-3DB5-4004-91BA-9DB658199B7B}.Website|Mixed Platforms.Build.0 = Website|Any CPU
		{4D558303-3DB5-4004-91BA-9DB658199B7B}.Website|x86.ActiveCfg = Website|Any CPU
		{01490A61-F803-41A3-89D4-D6CAC7A97DA6}.Database|Any CPU.ActiveCfg = Debug|Any CPU
		{01490A61-F803-41A3-89D4-D6CAC7A97DA6}.Database|Any CPU.Build.0 = Debug|Any CPU
		{01490A61-F803-41A3-89D4-D6CAC7A97DA6}.Database|Mixed Platforms.ActiveCfg = Debug|Any CPU
		{01490A61-F803-41A3-89D4-D6CAC7A97DA6}.Database|Mixed Platforms.Build.0 = Debug|Any CPU
		{01490A61-F803-41A3-89D4-D6CAC7A97DA6}.Database|x86.ActiveCfg = Debug|Any CPU
		{01490A61-F803-41A3-89D4-D6CAC7A97DA6}.Debug|Any CPU.ActiveCfg = Debug|Any CPU
		{01490A61-F803-41A3-89D4-D6CAC7A97DA6}.Debug|Any CPU.Build.0 = Debug|Any CPU
		{01490A61-F803-41A3-89D4-D6CAC7A97DA6}.Debug|Mixed Platforms.ActiveCfg = Debug|Any CPU
		{01490A61-F803-41A3-89D4-D6CAC7A97DA6}.Debug|Mixed Platforms.Build.0 = Debug|Any CPU
		{01490A61-F803-41A3-89D4-D6CAC7A97DA6}.Debug|x86.ActiveCfg = Debug|Any CPU
		{01490A61-F803-41A3-89D4-D6CAC7A97DA6}.Release|Any CPU.ActiveCfg = Release|Any CPU
		{01490A61-F803-41A3-89D4-D6CAC7A97DA6}.Release|Any CPU.Build.0 = Release|Any CPU
		{01490A61-F803-41A3-89D4-D6CAC7A97DA6}.Release|Mixed Platforms.ActiveCfg = Release|Any CPU
		{01490A61-F803-41A3-89D4-D6CAC7A97DA6}.Release|Mixed Platforms.Build.0 = Release|Any CPU
		{01490A61-F803-41A3-89D4-D6CAC7A97DA6}.Release|x86.ActiveCfg = Release|Any CPU
		{01490A61-F803-41A3-89D4-D6CAC7A97DA6}.Testing|Any CPU.ActiveCfg = Release|Any CPU
		{01490A61-F803-41A3-89D4-D6CAC7A97DA6}.Testing|Any CPU.Build.0 = Release|Any CPU
		{01490A61-F803-41A3-89D4-D6CAC7A97DA6}.Testing|Mixed Platforms.ActiveCfg = Release|Any CPU
		{01490A61-F803-41A3-89D4-D6CAC7A97DA6}.Testing|Mixed Platforms.Build.0 = Release|Any CPU
		{01490A61-F803-41A3-89D4-D6CAC7A97DA6}.Testing|x86.ActiveCfg = Release|Any CPU
		{01490A61-F803-41A3-89D4-D6CAC7A97DA6}.Website|Any CPU.ActiveCfg = Release|Any CPU
		{01490A61-F803-41A3-89D4-D6CAC7A97DA6}.Website|Any CPU.Build.0 = Release|Any CPU
		{01490A61-F803-41A3-89D4-D6CAC7A97DA6}.Website|Mixed Platforms.ActiveCfg = Release|Any CPU
		{01490A61-F803-41A3-89D4-D6CAC7A97DA6}.Website|Mixed Platforms.Build.0 = Release|Any CPU
		{01490A61-F803-41A3-89D4-D6CAC7A97DA6}.Website|x86.ActiveCfg = Release|Any CPU
		{0D3C5390-5651-4B71-B165-E5C72A55281C}.Database|Any CPU.ActiveCfg = Debug|Any CPU
		{0D3C5390-5651-4B71-B165-E5C72A55281C}.Database|Any CPU.Build.0 = Debug|Any CPU
		{0D3C5390-5651-4B71-B165-E5C72A55281C}.Database|Mixed Platforms.ActiveCfg = Debug|Any CPU
		{0D3C5390-5651-4B71-B165-E5C72A55281C}.Database|Mixed Platforms.Build.0 = Debug|Any CPU
		{0D3C5390-5651-4B71-B165-E5C72A55281C}.Database|x86.ActiveCfg = Debug|Any CPU
		{0D3C5390-5651-4B71-B165-E5C72A55281C}.Debug|Any CPU.ActiveCfg = Debug|Any CPU
		{0D3C5390-5651-4B71-B165-E5C72A55281C}.Debug|Any CPU.Build.0 = Debug|Any CPU
		{0D3C5390-5651-4B71-B165-E5C72A55281C}.Debug|Mixed Platforms.ActiveCfg = Debug|Any CPU
		{0D3C5390-5651-4B71-B165-E5C72A55281C}.Debug|Mixed Platforms.Build.0 = Debug|Any CPU
		{0D3C5390-5651-4B71-B165-E5C72A55281C}.Debug|x86.ActiveCfg = Debug|Any CPU
		{0D3C5390-5651-4B71-B165-E5C72A55281C}.Release|Any CPU.ActiveCfg = Release|Any CPU
		{0D3C5390-5651-4B71-B165-E5C72A55281C}.Release|Any CPU.Build.0 = Release|Any CPU
		{0D3C5390-5651-4B71-B165-E5C72A55281C}.Release|Mixed Platforms.ActiveCfg = Release|Any CPU
		{0D3C5390-5651-4B71-B165-E5C72A55281C}.Release|Mixed Platforms.Build.0 = Release|Any CPU
		{0D3C5390-5651-4B71-B165-E5C72A55281C}.Release|x86.ActiveCfg = Release|Any CPU
		{0D3C5390-5651-4B71-B165-E5C72A55281C}.Testing|Any CPU.ActiveCfg = Release|Any CPU
		{0D3C5390-5651-4B71-B165-E5C72A55281C}.Testing|Any CPU.Build.0 = Release|Any CPU
		{0D3C5390-5651-4B71-B165-E5C72A55281C}.Testing|Mixed Platforms.ActiveCfg = Release|Any CPU
		{0D3C5390-5651-4B71-B165-E5C72A55281C}.Testing|Mixed Platforms.Build.0 = Release|Any CPU
		{0D3C5390-5651-4B71-B165-E5C72A55281C}.Testing|x86.ActiveCfg = Release|Any CPU
		{0D3C5390-5651-4B71-B165-E5C72A55281C}.Website|Any CPU.ActiveCfg = Release|Any CPU
		{0D3C5390-5651-4B71-B165-E5C72A55281C}.Website|Any CPU.Build.0 = Release|Any CPU
		{0D3C5390-5651-4B71-B165-E5C72A55281C}.Website|Mixed Platforms.ActiveCfg = Release|Any CPU
		{0D3C5390-5651-4B71-B165-E5C72A55281C}.Website|Mixed Platforms.Build.0 = Release|Any CPU
		{0D3C5390-5651-4B71-B165-E5C72A55281C}.Website|x86.ActiveCfg = Release|Any CPU
	EndGlobalSection
	GlobalSection(SolutionProperties) = preSolution
		HideSolutionNode = FALSE
	EndGlobalSection
EndGlobal
